{
  "lockfile_version": "1",
  "packages": {
    "git@latest": {
      "last_modified": "2026-01-23T17:20:52Z",
      "resolved": "github:NixOS/nixpkgs/a1bab9e494f5f4939442a57a58d0449a109593fe#git",
      "source": "devbox-search",
      "version": "2.52.0",
      "systems": {
        "aarch64-darwin": {
          "outputs": [
            {
              "name": "out",
              "path": "/nix/store/vnhprisb777byfjpp5mdd0mxwkpvhbc0-git-2.52.0",
              "default": true
            },
            {
              "name": "doc",
              "path": "/nix/store/p0dx3053175fpr3kjf0fqgs9x6gm3dri-git-2.52.0-doc"
            }
          ],
          "store_path": "/nix/store/vnhprisb777byfjpp5mdd0mxwkpvhbc0-git-2.52.0"
        },
        "aarch64-linux": {
          "outputs": [
            {
              "name": "out",
              "path": "/nix/store/sd4bjblxfljbm13mpl50x8g336gw2dri-git-2.52.0",
              "default": true
            },
            {
              "name": "debug",
              "path": "/nix/store/cx033x4nmr12d9dcn8hxjfrajc3983f0-git-2.52.0-debug"
            },
            {
              "name": "doc",
              "path": "/nix/store/ylsmgdrnp78p8hn7n9lxpada78dka41v-git-2.52.0-doc"
            }
          ],
          "store_path": "/nix/store/sd4bjblxfljbm13mpl50x8g336gw2dri-git-2.52.0"
        },
        "x86_64-darwin": {
          "outputs": [
            {
              "name": "out",
              "path": "/nix/store/sr42bfqa0pc2ysba678mrm49g78jdynp-git-2.52.0",
              "default": true
            },
            {
              "name": "doc",
              "path": "/nix/store/fky0ci2bhwgyh9klg5682pmqswqg7wk4-git-2.52.0-doc"
            }
          ],
          "store_path": "/nix/store/sr42bfqa0pc2ysba678mrm49g78jdynp-git-2.52.0"
        },
        "x86_64-linux": {
          "outputs": [
            {
              "name": "out",
              "path": "/nix/store/ipwndaag56mm8g8gn8j98z0jvn8x4mk1-git-2.52.0",
              "default": true
            },
            {
              "name": "debug",
              "path": "/nix/store/zd8di23fmzjwrhb5ij1bjnlfqkx9j7d6-git-2.52.0-debug"
            },
            {
              "name": "doc",
              "path": "/nix/store/d8kc4kqzcrbcj92msxrpdsdjglh2q5gp-git-2.52.0-doc"
            }
          ],
          "store_path": "/nix/store/ipwndaag56mm8g8gn8j98z0jvn8x4mk1-git-2.52.0"
        }
      }
    },
    "github:NixOS/nixpkgs/nixpkgs-unstable": {
      "last_modified": "2025-11-08T12:28:21Z",
      "resolved": "github:NixOS/nixpkgs/f6b44b2401525650256b977063dbcf830f762369?lastModified=1762604901&narHash=sha256-Pr2jpryIaQr9Yx8p6QssS03wqB6UifnnLr3HJw9veDw%3D"
    },
    "go@1.25.8": {
      "last_modified": "2026-03-21T07:29:51Z",
      "resolved": "github:NixOS/nixpkgs/09061f748ee21f68a089cd5d91ec1859cd93d0be#go_1_25",
      "source": "devbox-search",
      "version": "1.25.8",
      "systems": {
        "aarch64-darwin": {
          "outputs": [
            {
              "name": "out",
              "path": "/nix/store/m75i5xxz9bfca0shgq8p7jlp2idxf81y-go-1.25.8",
              "default": true
            }
          ],
          "store_path": "/nix/store/m75i5xxz9bfca0shgq8p7jlp2idxf81y-go-1.25.8"
        },
        "aarch64-linux": {
          "outputs": [
            {
              "name": "out",
              "path": "/nix/store/ghfjpn4k1fg4ic70vmkjxhl247dpraj5-go-1.25.8",
              "default": true
            }
          ],
          "store_path": "/nix/store/ghfjpn4k1fg4ic70vmkjxhl247dpraj5-go-1.25.8"
        },
        "x86_64-darwin": {
          "outputs": [
            {
              "name": "out",
              "path": "/nix/store/67wfx8vnjfbqi848xg96kqpysrngn54a-go-1.25.8",
              "default": true
            }
          ],
          "store_path": "/nix/store/67wfx8vnjfbqi848xg96kqpysrngn54a-go-1.25.8"
        },
        "x86_64-linux": {
          "outputs": [
            {
              "name": "out",
              "path": "/nix/store/rv5np8wj0hmp0nqkbjyr02sk24c77bjk-go-1.25.8",
              "default": true
            }
          ],
          "store_path": "/nix/store/rv5np8wj0hmp0nqkbjyr02sk24c77bjk-go-1.25.8"
        }
      }
    },
    "kind@latest": {
      "last_modified": "2025-11-23T21:50:36Z",
      "resolved": "github:NixOS/nixpkgs/ee09932cedcef15aaf476f9343d1dea2cb77e261#kind",
      "source": "devbox-search",
      "version": "0.30.0",
      "systems": {
        "aarch64-darwin": {
          "outputs": [
            {
              "name": "out",
              "path": "/nix/store/jblfpm03jma7rvpp8fzfj2kz7mcf1jd5-kind-0.30.0",
              "default": true
            }
          ],
          "store_path": "/nix/store/jblfpm03jma7rvpp8fzfj2kz7mcf1jd5-kind-0.30.0"
        },
        "aarch64-linux": {
          "outputs": [
            {
              "name": "out",
              "path": "/nix/store/n3m0677g45dr7fqsvmi8hbl8b3rqqhbm-kind-0.30.0",
              "default": true
            }
          ],
          "store_path": "/nix/store/n3m0677g45dr7fqsvmi8hbl8b3rqqhbm-kind-0.30.0"
        },
        "x86_64-darwin": {
          "outputs": [
            {
              "name": "out",
              "path": "/nix/store/41irix8nxj2m46lbj896ndsy2hgi40m4-kind-0.30.0",
              "default": true
            }
          ],
          "store_path": "/nix/store/41irix8nxj2m46lbj896ndsy2hgi40m4-kind-0.30.0"
        },
        "x86_64-linux": {
          "outputs": [
            {
              "name": "out",
              "path": "/nix/store/ahhxkqw37kfs0yjqn6srxfq4vyxnkbq6-kind-0.30.0",
              "default": true
            }
          ],
          "store_path": "/nix/store/ahhxkqw37kfs0yjqn6srxfq4vyxnkbq6-kind-0.30.0"
        }
      }
    },
    "kubectl@latest": {
      "last_modified": "2025-11-23T21:50:36Z",
      "resolved": "github:NixOS/nixpkgs/ee09932cedcef15aaf476f9343d1dea2cb77e261#kubectl",
      "source": "devbox-search",
      "version": "1.34.2",
      "systems": {
        "aarch64-darwin": {
          "outputs": [
            {
              "name": "out",
              "path": "/nix/store/lnyk97mlh2172dpa3vfx8inrs14vcjww-kubectl-1.34.2",
              "default": true
            },
            {
              "name": "man",
              "path": "/nix/store/yq0lp1mnyf2sj79cdq0fyc0vyb6jdl13-kubectl-1.34.2-man",
              "default": true
            },
            {
              "name": "convert",
              "path": "/nix/store/j02lgplwvs8fmpdkb1cgmf3997hx0ark-kubectl-1.34.2-convert"
            }
          ],
          "store_path": "/nix/store/lnyk97mlh2172dpa3vfx8inrs14vcjww-kubectl-1.34.2"
        },
        "aarch64-linux": {
          "outputs": [
            {
              "name": "out",
              "path": "/nix/store/a5xly6hcnr8w7kdfqxxgmwgq675la20r-kubectl-1.34.2",
              "default": true
            },
            {
              "name": "man",
              "path": "/nix/store/2af7cfbgya65h14ig1zb0l4wspcdiq7m-kubectl-1.34.2-man",
              "default": true
            },
            {
              "name": "convert",
              "path": "/nix/store/0phxpfyd0ibr1m09q36mvh95w2ln1z0w-kubectl-1.34.2-convert"
            }
          ],
          "store_path": "/nix/store/a5xly6hcnr8w7kdfqxxgmwgq675la20r-kubectl-1.34.2"
        },
        "x86_64-darwin": {
          "outputs": [
            {
              "name": "out",
              "path": "/nix/store/bx50n1rxkv4098wd1krvh7cklz7rn8y6-kubectl-1.34.2",
              "default": true
            },
            {
              "name": "man",
              "path": "/nix/store/jg5a8rlabq37l3b5kibsf9z6qz0v4x9m-kubectl-1.34.2-man",
              "default": true
            },
            {
              "name": "convert",
              "path": "/nix/store/1scrgj573xzmywanx90230y9ls5v2w3a-kubectl-1.34.2-convert"
            }
          ],
          "store_path": "/nix/store/bx50n1rxkv4098wd1krvh7cklz7rn8y6-kubectl-1.34.2"
        },
        "x86_64-linux": {
          "outputs": [
            {
              "name": "out",
              "path": "/nix/store/vcy97mavll1fwawj02qr7lkkl0kl2q6y-kubectl-1.34.2",
              "default": true
            },
            {
              "name": "man",
              "path": "/nix/store/vdbvkvx7xxhgz417r33gw35qwh57flix-kubectl-1.34.2-man",
              "default": true
            },
            {
              "name": "convert",
              "path": "/nix/store/grracn6nj7cqbjdk33fii2xlvsk6zxs5-kubectl-1.34.2-convert"
            }
          ],
          "store_path": "/nix/store/vcy97mavll1fwawj02qr7lkkl0kl2q6y-kubectl-1.34.2"
        }
      }
    }
  }
}
